
Microsoft Visual Studio Solution File, Format Version 12.00
# Visual Studio Version 16
VisualStudioVersion = 16.0.30804.86
MinimumVisualStudioVersion = 10.0.40219.1
Project("{FAE04EC0-301F-11D3-BF4B-00C04F79EFBC}") = "Entities", "Entities\Entities.csproj", "{F4211C64-2ABB-4E6F-BF2E-747C5399055F}"
EndProject
Project("{FAE04EC0-301F-11D3-BF4B-00C04F79EFBC}") = "DataAccess", "DataAccess\DataAccess.csproj", "{DF5C595E-AB30-4AD0-A9EF-36308AF24DDB}"
EndProject
Project("{FAE04EC0-301F-11D3-BF4B-00C04F79EFBC}") = "Business", "Business\Business.csproj", "{A0580D3B-C062-4F54-AF0A-2DD2DCD85BD4}"
EndProject
Project("{FAE04EC0-301F-11D3-BF4B-00C04F79EFBC}") = "ConsoleUI", "ConsoleUI\ConsoleUI.csproj", "{CA2AF9B2-B92C-4E71-A0FB-37BE88A7D346}"
EndProject
Global
	GlobalSection(SolutionConfigurationPlatforms) = preSolution
		Debug|Any CPU = Debug|Any CPU
		Release|Any CPU = Release|Any CPU
	EndGlobalSection
	GlobalSection(ProjectConfigurationPlatforms) = postSolution
		{F4211C64-2ABB-4E6F-BF2E-747C5399055F}.Debug|Any CPU.ActiveCfg = Debug|Any CPU
		{F4211C64-2ABB-4E6F-BF2E-747C5399055F}.Debug|Any CPU.Build.0 = Debug|Any CPU
		{F4211C64-2ABB-4E6F-BF2E-747C5399055F}.Release|Any CPU.ActiveCfg = Release|Any CPU
		{F4211C64-2ABB-4E6F-BF2E-747C5399055F}.Release|Any CPU.Build.0 = Release|Any CPU
		{DF5C595E-AB30-4AD0-A9EF-36308AF24DDB}.Debug|Any CPU.ActiveCfg = Debug|Any CPU
		{DF5C595E-AB30-4AD0-A9EF-36308AF24DDB}.Debug|Any CPU.Build.0 = Debug|Any CPU
		{DF5C595E-AB30-4AD0-A9EF-36308AF24DDB}.Release|Any CPU.ActiveCfg = Release|Any CPU
		{DF5C595E-AB30-4AD0-A9EF-36308AF24DDB}.Release|Any CPU.Build.0 = Release|Any CPU
		{A0580D3B-C062-4F54-AF0A-2DD2DCD85BD4}.Debug|Any CPU.ActiveCfg = Debug|Any CPU
		{A0580D3B-C062-4F54-AF0A-2DD2DCD85BD4}.Debug|Any CPU.Build.0 = Debug|Any CPU
		{A0580D3B-C062-4F54-AF0A-2DD2DCD85BD4}.Release|Any CPU.ActiveCfg = Release|Any CPU
		{A0580D3B-C062-4F54-AF0A-2DD2DCD85BD4}.Release|Any CPU.Build.0 = Release|Any CPU
		{CA2AF9B2-B92C-4E71-A0FB-37BE88A7D346}.Debug|Any CPU.ActiveCfg = Debug|Any CPU
		{CA2AF9B2-B92C-4E71-A0FB-37BE88A7D346}.Debug|Any CPU.Build.0 = Debug|Any CPU
		{CA2AF9B2-B92C-4E71-A0FB-37BE88A7D346}.Release|Any CPU.ActiveCfg = Release|Any CPU
		{CA2AF9B2-B92C-4E71-A0FB-37BE88A7D346}.Release|Any CPU.Build.0 = Release|Any CPU
	EndGlobalSection
	GlobalSection(SolutionProperties) = preSolution
		HideSolutionNode = FALSE
	EndGlobalSection
	GlobalSection(ExtensibilityGlobals) = postSolution
		SolutionGuid = {FD2C0DC7-2BD7-46D7-AB90-ACD1BFB07348}
	EndGlobalSection
EndGlobal
